
Microsoft Visual Studio Solution File, Format Version 12.00
# Visual Studio Version 16
VisualStudioVersion = 16.0.30626.31
MinimumVisualStudioVersion = 10.0.40219.1
Project("{9A19103F-16F7-4668-BE54-9A1E7A4F7556}") = "RedPlus", "RedPlus\RedPlus.csproj", "{BB108BBD-7E4F-49D4-8895-1C2933ACF36D}"
EndProject
Project("{9A19103F-16F7-4668-BE54-9A1E7A4F7556}") = "RedPlus.Models", "RedPlus.Models\RedPlus.Models.csproj", "{E84495B7-F4F0-4A65-8E19-6A59B2DD2225}"
EndProject
Project("{00D1A9C2-B5F0-4AF3-8072-F6C62B433612}") = "RedPlus.SqlServer", "RedPlus.SqlServer\RedPlus.SqlServer.sqlproj", "{4CC732F6-2EF9-42FC-8AFA-58E3517EF61F}"
EndProject
Project("{FAE04EC0-301F-11D3-BF4B-00C04F79EFBC}") = "RedPlus.Models.Tests", "RedPlus.Models.Tests\RedPlus.Models.Tests.csproj", "{59C9AA52-E950-4DAF-A940-1F1CE6F21564}"
EndProject
Global
	GlobalSection(SolutionConfigurationPlatforms) = preSolution
		Debug|Any CPU = Debug|Any CPU
		Release|Any CPU = Release|Any CPU
	EndGlobalSection
	GlobalSection(ProjectConfigurationPlatforms) = postSolution
		{BB108BBD-7E4F-49D4-8895-1C2933ACF36D}.Debug|Any CPU.ActiveCfg = Debug|Any CPU
		{BB108BBD-7E4F-49D4-8895-1C2933ACF36D}.Debug|Any CPU.Build.0 = Debug|Any CPU
		{BB108BBD-7E4F-49D4-8895-1C2933ACF36D}.Release|Any CPU.ActiveCfg = Release|Any CPU
		{BB108BBD-7E4F-49D4-8895-1C2933ACF36D}.Release|Any CPU.Build.0 = Release|Any CPU
		{E84495B7-F4F0-4A65-8E19-6A59B2DD2225}.Debug|Any CPU.ActiveCfg = Debug|Any CPU
		{E84495B7-F4F0-4A65-8E19-6A59B2DD2225}.Debug|Any CPU.Build.0 = Debug|Any CPU
		{E84495B7-F4F0-4A65-8E19-6A59B2DD2225}.Release|Any CPU.ActiveCfg = Release|Any CPU
		{E84495B7-F4F0-4A65-8E19-6A59B2DD2225}.Release|Any CPU.Build.0 = Release|Any CPU
		{4CC732F6-2EF9-42FC-8AFA-58E3517EF61F}.Debug|Any CPU.ActiveCfg = Debug|Any CPU
		{4CC732F6-2EF9-42FC-8AFA-58E3517EF61F}.Debug|Any CPU.Build.0 = Debug|Any CPU
		{4CC732F6-2EF9-42FC-8AFA-58E3517EF61F}.Debug|Any CPU.Deploy.0 = Debug|Any CPU
		{4CC732F6-2EF9-42FC-8AFA-58E3517EF61F}.Release|Any CPU.ActiveCfg = Release|Any CPU
		{4CC732F6-2EF9-42FC-8AFA-58E3517EF61F}.Release|Any CPU.Build.0 = Release|Any CPU
		{4CC732F6-2EF9-42FC-8AFA-58E3517EF61F}.Release|Any CPU.Deploy.0 = Release|Any CPU
		{59C9AA52-E950-4DAF-A940-1F1CE6F21564}.Debug|Any CPU.ActiveCfg = Debug|Any CPU
		{59C9AA52-E950-4DAF-A940-1F1CE6F21564}.Debug|Any CPU.Build.0 = Debug|Any CPU
		{59C9AA52-E950-4DAF-A940-1F1CE6F21564}.Release|Any CPU.ActiveCfg = Release|Any CPU
		{59C9AA52-E950-4DAF-A940-1F1CE6F21564}.Release|Any CPU.Build.0 = Release|Any CPU
	EndGlobalSection
	GlobalSection(SolutionProperties) = preSolution
		HideSolutionNode = FALSE
	EndGlobalSection
	GlobalSection(ExtensibilityGlobals) = postSolution
		SolutionGuid = {4FEDC8EC-A936-4ABC-9827-3F16671D70AE}
	EndGlobalSection
EndGlobal
